
Microsoft Visual Studio Solution File, Format Version 12.00
# Visual Studio Version 17
VisualStudioVersion = 17.8.34525.116
MinimumVisualStudioVersion = 10.0.40219.1
Project("{FAE04EC0-301F-11D3-BF4B-00C04F79EFBC}") = "VendingMachineAPI", "VendingMachineAPI\VendingMachineAPI.csproj", "{EA44A233-FE74-48CD-9B61-E1DC2FCE60AD}"
EndProject
Project("{FAE04EC0-301F-11D3-BF4B-00C04F79EFBC}") = "VendingMachineAPI.Tests", "VendingMachineAPI.Tests\VendingMachineAPI.Tests.csproj", "{2327387F-F5DD-48E4-9D66-3AD289DD2BB9}"
EndProject
Global
	GlobalSection(SolutionConfigurationPlatforms) = preSolution
		Debug|Any CPU = Debug|Any CPU
		Release|Any CPU = Release|Any CPU
	EndGlobalSection
	GlobalSection(ProjectConfigurationPlatforms) = postSolution
		{EA44A233-FE74-48CD-9B61-E1DC2FCE60AD}.Debug|Any CPU.ActiveCfg = Debug|Any CPU
		{EA44A233-FE74-48CD-9B61-E1DC2FCE60AD}.Debug|Any CPU.Build.0 = Debug|Any CPU
		{EA44A233-FE74-48CD-9B61-E1DC2FCE60AD}.Release|Any CPU.ActiveCfg = Release|Any CPU
		{EA44A233-FE74-48CD-9B61-E1DC2FCE60AD}.Release|Any CPU.Build.0 = Release|Any CPU
		{2327387F-F5DD-48E4-9D66-3AD289DD2BB9}.Debug|Any CPU.ActiveCfg = Debug|Any CPU
		{2327387F-F5DD-48E4-9D66-3AD289DD2BB9}.Debug|Any CPU.Build.0 = Debug|Any CPU
		{2327387F-F5DD-48E4-9D66-3AD289DD2BB9}.Release|Any CPU.ActiveCfg = Release|Any CPU
		{2327387F-F5DD-48E4-9D66-3AD289DD2BB9}.Release|Any CPU.Build.0 = Release|Any CPU
	EndGlobalSection
	GlobalSection(SolutionProperties) = preSolution
		HideSolutionNode = FALSE
	EndGlobalSection
	GlobalSection(ExtensibilityGlobals) = postSolution
		SolutionGuid = {02953CFA-777A-433F-9E0F-C452D3EAAA3C}
	EndGlobalSection
EndGlobal
